{
  "version": "4",
  "specifiers": {
    "jsr:@libs/xml@^6.0.4": "6.0.4"
  },
  "jsr": {
    "@libs/xml@6.0.4": {
      "integrity": "c896f17016dbf5f2d62496e0bd6cd7db145c05987d0e45d4dd2c87785a60f528"
    }
  },
  "workspace": {
    "dependencies": [
      "jsr:@libs/xml@^6.0.4",
      "jsr:@std/assert@^1.0.13"
    ]
  }
}
